<?xml version="1.0" encoding="utf-8"?>
<Project ToolsVersion="4.0" xmlns="http://schemas.microsoft.com/developer/msbuild/2003">
  <ItemGroup>
    <Filter Include="源文件">
      <UniqueIdentifier>{4FC737F1-C7A5-4376-A066-2A32D752A2FF}</UniqueIdentifier>
      <Extensions>cpp;c;cc;cxx;def;odl;idl;hpj;bat;asm;asmx</Extensions>
    </Filter>
    <Filter Include="头文件">
      <UniqueIdentifier>{93995380-89BD-4b04-88EB-625FBE52EBFB}</UniqueIdentifier>
      <Extensions>h;hpp;hxx;hm;inl;inc;xsd</Extensions>
    </Filter>
    <Filter Include="资源文件">
      <UniqueIdentifier>{67DA6AB6-F800-4c08-8B7A-83BB121AAD01}</UniqueIdentifier>
      <Extensions>rc;ico;cur;bmp;dlg;rc2;rct;bin;rgs;gif;jpg;jpeg;jpe;resx;tiff;tif;png;wav;mfcribbon-ms</Extensions>
    </Filter>
  </ItemGroup>
  <ItemGroup>
    <ClInclude Include="active_socket.h">
      <Filter>头文件</Filter>
    </ClInclude>
    <ClInclude Include="buffer.h">
      <Filter>头文件</Filter>
    </ClInclude>
    <ClInclude Include="digest.h">
      <Filter>头文件</Filter>
    </ClInclude>
    <ClInclude Include="fast_mutex.h">
      <Filter>头文件</Filter>
    </ClInclude>
    <ClInclude Include="inplace.h">
      <Filter>头文件</Filter>
    </ClInclude>
    <ClInclude Include="lz4.h">
      <Filter>头文件</Filter>
    </ClInclude>
    <ClInclude Include="lz4hc.h">
      <Filter>头文件</Filter>
    </ClInclude>
    <ClInclude Include="multiround.h">
      <Filter>头文件</Filter>
    </ClInclude>
    <ClInclude Include="mytypes.h">
      <Filter>头文件</Filter>
    </ClInclude>
    <ClInclude Include="passive_socket.h">
      <Filter>头文件</Filter>
    </ClInclude>
    <ClInclude Include="platform.h">
      <Filter>头文件</Filter>
    </ClInclude>
    <ClInclude Include="reconstruct.h">
      <Filter>头文件</Filter>
    </ClInclude>
    <ClInclude Include="rollsum.h">
      <Filter>头文件</Filter>
    </ClInclude>
    <ClInclude Include="rw.h">
      <Filter>头文件</Filter>
    </ClInclude>
    <ClInclude Include="simple_socket.h">
      <Filter>头文件</Filter>
    </ClInclude>
    <ClInclude Include="stream.h">
      <Filter>头文件</Filter>
    </ClInclude>
    <ClInclude Include="tinythread.h">
      <Filter>头文件</Filter>
    </ClInclude>
    <ClInclude Include="xdelta_client.h">
      <Filter>头文件</Filter>
    </ClInclude>
    <ClInclude Include="xdelta_server.h">
      <Filter>头文件</Filter>
    </ClInclude>
    <ClInclude Include="xdeltalib.h">
      <Filter>头文件</Filter>
    </ClInclude>
    <ClInclude Include="xxhash.h">
      <Filter>头文件</Filter>
    </ClInclude>
    <ClInclude Include="BigInteger.h">
      <Filter>头文件</Filter>
    </ClInclude>
    <ClInclude Include="BigIntegerAlgorithms.h">
      <Filter>头文件</Filter>
    </ClInclude>
    <ClInclude Include="BigIntegerLibrary.h">
      <Filter>头文件</Filter>
    </ClInclude>
    <ClInclude Include="BigIntegerUtils.h">
      <Filter>头文件</Filter>
    </ClInclude>
    <ClInclude Include="BigUnsigned.h">
      <Filter>头文件</Filter>
    </ClInclude>
    <ClInclude Include="BigUnsignedInABase.h">
      <Filter>头文件</Filter>
    </ClInclude>
    <ClInclude Include="md5.h">
      <Filter>头文件</Filter>
    </ClInclude>
    <ClInclude Include="NumberlikeArray.h">
      <Filter>头文件</Filter>
    </ClInclude>
    <ClInclude Include="sha1.h">
      <Filter>头文件</Filter>
    </ClInclude>
    <ClInclude Include="rollsim.h">
      <Filter>头文件</Filter>
    </ClInclude>
    <ClInclude Include="simhash.h">
      <Filter>头文件</Filter>
    </ClInclude>
  </ItemGroup>
  <ItemGroup>
    <ClCompile Include="active_socket.cpp">
      <Filter>源文件</Filter>
    </ClCompile>
    <ClCompile Include="digest.cpp">
      <Filter>源文件</Filter>
    </ClCompile>
    <ClCompile Include="inplace.cpp">
      <Filter>源文件</Filter>
    </ClCompile>
    <ClCompile Include="lz4.cpp">
      <Filter>源文件</Filter>
    </ClCompile>
    <ClCompile Include="lz4hc.cpp">
      <Filter>源文件</Filter>
    </ClCompile>
    <ClCompile Include="multiround.cpp">
      <Filter>源文件</Filter>
    </ClCompile>
    <ClCompile Include="passive_socket.cpp">
      <Filter>源文件</Filter>
    </ClCompile>
    <ClCompile Include="platform.cpp">
      <Filter>源文件</Filter>
    </ClCompile>
    <ClCompile Include="reconstruct.cpp">
      <Filter>源文件</Filter>
    </ClCompile>
    <ClCompile Include="rollsum.cpp">
      <Filter>源文件</Filter>
    </ClCompile>
    <ClCompile Include="rw.cpp">
      <Filter>源文件</Filter>
    </ClCompile>
    <ClCompile Include="simple_socket.cpp">
      <Filter>源文件</Filter>
    </ClCompile>
    <ClCompile Include="stream.cpp">
      <Filter>源文件</Filter>
    </ClCompile>
    <ClCompile Include="tinythread.cpp">
      <Filter>源文件</Filter>
    </ClCompile>
    <ClCompile Include="xdelta_client.cpp">
      <Filter>源文件</Filter>
    </ClCompile>
    <ClCompile Include="xdelta_server.cpp">
      <Filter>源文件</Filter>
    </ClCompile>
    <ClCompile Include="xdeltalib.cpp">
      <Filter>源文件</Filter>
    </ClCompile>
    <ClCompile Include="xxhash.cpp">
      <Filter>源文件</Filter>
    </ClCompile>
    <ClCompile Include="BigInteger.cpp">
      <Filter>源文件</Filter>
    </ClCompile>
    <ClCompile Include="BigIntegerAlgorithms.cpp">
      <Filter>源文件</Filter>
    </ClCompile>
    <ClCompile Include="BigIntegerUtils.cpp">
      <Filter>源文件</Filter>
    </ClCompile>
    <ClCompile Include="BigUnsigned.cpp">
      <Filter>源文件</Filter>
    </ClCompile>
    <ClCompile Include="BigUnsignedInABase.cpp">
      <Filter>源文件</Filter>
    </ClCompile>
    <ClCompile Include="md5.cpp">
      <Filter>源文件</Filter>
    </ClCompile>
    <ClCompile Include="sha1.cpp">
      <Filter>源文件</Filter>
    </ClCompile>
    <ClCompile Include="simhash.cpp">
      <Filter>源文件</Filter>
    </ClCompile>
    <ClCompile Include="rollsim.cpp">
      <Filter>源文件</Filter>
    </ClCompile>
  </ItemGroup>
</Project>